
Microsoft Visual Studio Solution File, Format Version 12.00
# Visual Studio 14
VisualStudioVersion = 14.0.23107.0
MinimumVisualStudioVersion = 10.0.40219.1
Project("{FAE04EC0-301F-11D3-BF4B-00C04F79EFBC}") = "JsonDiffPatchDotNet", "JsonDiffPatchDotNet\JsonDiffPatchDotNet.csproj", "{50825AC2-B521-47D9-9A68-DF6689DF61CC}"
EndProject
Project("{FAE04EC0-301F-11D3-BF4B-00C04F79EFBC}") = "JsonDiffPatchDotNet.UnitTests", "JsonDiffPatchDotNet.UnitTests\JsonDiffPatchDotNet.UnitTests.csproj", "{619EA3C5-4AED-4220-8397-1024A2358CEC}"
EndProject
Global
	GlobalSection(SolutionConfigurationPlatforms) = preSolution
		Debug|Any CPU = Debug|Any CPU
		Release|Any CPU = Release|Any CPU
	EndGlobalSection
	GlobalSection(ProjectConfigurationPlatforms) = postSolution
		{50825AC2-B521-47D9-9A68-DF6689DF61CC}.Debug|Any CPU.ActiveCfg = Debug|Any CPU
		{50825AC2-B521-47D9-9A68-DF6689DF61CC}.Debug|Any CPU.Build.0 = Debug|Any CPU
		{50825AC2-B521-47D9-9A68-DF6689DF61CC}.Release|Any CPU.ActiveCfg = Release|Any CPU
		{50825AC2-B521-47D9-9A68-DF6689DF61CC}.Release|Any CPU.Build.0 = Release|Any CPU
		{619EA3C5-4AED-4220-8397-1024A2358CEC}.Debug|Any CPU.ActiveCfg = Debug|Any CPU
		{619EA3C5-4AED-4220-8397-1024A2358CEC}.Debug|Any CPU.Build.0 = Debug|Any CPU
		{619EA3C5-4AED-4220-8397-1024A2358CEC}.Release|Any CPU.ActiveCfg = Release|Any CPU
		{619EA3C5-4AED-4220-8397-1024A2358CEC}.Release|Any CPU.Build.0 = Release|Any CPU
	EndGlobalSection
	GlobalSection(SolutionProperties) = preSolution
		HideSolutionNode = FALSE
	EndGlobalSection
EndGlobal
